{
  "requires": true,
  "lockfileVersion": 1,
  "dependencies": {
    "nanostat": {
      "version": "0.1.2",
      "resolved": "https://registry.npmjs.org/nanostat/-/nanostat-0.1.2.tgz",
      "integrity": "sha512-vFGWV9n+m0w4LVtzN438ObX19siubIlUSK5BKBO+6fcQrBWIx1lRvMEW40xw3NuLzP71RdurjKa9ZuzpoAfVhg=="
    },
    "nanoutimes": {
      "version": "file:.."
    }
  }
}
